{
  "requires": true,
  "lockfileVersion": 1,
  "dependencies": {
    "jest-mock-axios": {
      "version": "4.4.1",
      "resolved": "https://registry.npmjs.org/jest-mock-axios/-/jest-mock-axios-4.4.1.tgz",
      "integrity": "sha512-7d+r1lY45V7x/8if5UjT9oNMd5FHJwQGp7UKLsgAAq+PQK17PbTqs5wp3mvCK18hLJYmytseXLZmLkCYHjking==",
      "requires": {
        "synchronous-promise": "^2.0.15"
      }
    },
    "synchronous-promise": {
      "version": "2.0.15",
      "resolved": "https://registry.npmjs.org/synchronous-promise/-/synchronous-promise-2.0.15.tgz",
      "integrity": "sha512-k8uzYIkIVwmT+TcglpdN50pS2y1BDcUnBPK9iJeGu0Pl1lOI8pD6wtzgw91Pjpe+RxtTncw32tLxs/R0yNL2Mg=="
    }
  }
}
